// !$*UTF8*$!
{
	archiveVersion = 1;
	classes = {
	};
	objectVersion = 77;
	objects = {

/* Begin PBXContainerItemProxy section */
		E57D39B72D5EDE3600DD4491 /* PBXContainerItemProxy */ = {
			isa = PBXContainerItemProxy;
			containerPortal = E57D399E2D5EDE3400DD4491 /* Project object */;
			proxyType = 1;
			remoteGlobalIDString = E57D39A52D5EDE3400DD4491;
			remoteInfo = Splitty;
		};
		E57D39C12D5EDE3600DD4491 /* PBXContainerItemProxy */ = {
			isa = PBXContainerItemProxy;
			containerPortal = E57D399E2D5EDE3400DD4491 /* Project object */;
			proxyType = 1;
			remoteGlobalIDString = E57D39A52D5EDE3400DD4491;
			remoteInfo = Splitty;
		};
/* End PBXContainerItemProxy section */

/* Begin PBXFileReference section */
		E57D39A62D5EDE3400DD4491 /* Splitty.app */ = {isa = PBXFileReference; explicitFileType = wrapper.application; includeInIndex = 0; path = Splitty.app; sourceTree = BUILT_PRODUCTS_DIR; };
		E57D39B62D5EDE3600DD4491 /* SplittyTests.xctest */ = {isa = PBXFileReference; explicitFileType = wrapper.cfbundle; includeInIndex = 0; path = SplittyTests.xctest; sourceTree = BUILT_PRODUCTS_DIR; };
		E57D39C02D5EDE3600DD4491 /* SplittyUITests.xctest */ = {isa = PBXFileReference; explicitFileType = wrapper.cfbundle; includeInIndex = 0; path = SplittyUITests.xctest; sourceTree = BUILT_PRODUCTS_DIR; };
/* End PBXFileReference section */

/* Begin PBXFileSystemSynchronizedRootGroup section */
		E57D39A82D5EDE3400DD4491 /* Splitty */ = {
			isa = PBXFileSystemSynchronizedRootGroup;
			path = Splitty;
			sourceTree = "<group>";
		};
		E57D39B92D5EDE3600DD4491 /* SplittyTests */ = {
			isa = PBXFileSystemSynchronizedRootGroup;
			path = SplittyTests;
			sourceTree = "<group>";
		};
		E57D39C32D5EDE3600DD4491 /* SplittyUITests */ = {
			isa = PBXFileSystemSynchronizedRootGroup;
			path = SplittyUITests;
			sourceTree = "<group>";
		};
/* End PBXFileSystemSynchronizedRootGroup section */

/* Begin PBXFrameworksBuildPhase section */
		E57D39A32D5EDE3400DD4491 /* Frameworks */ = {
			isa = PBXFrameworksBuildPhase;
			buildActionMask = 2147483647;
			files = (
			);
			runOnlyForDeploymentPostprocessing = 0;
		};
		E57D39B32D5EDE3600DD4491 /* Frameworks */ = {
			isa = PBXFrameworksBuildPhase;
			buildActionMask = 2147483647;
			files = (
			);
			runOnlyForDeploymentPostprocessing = 0;
		};
		E57D39BD2D5EDE3600DD4491 /* Frameworks */ = {
			isa = PBXFrameworksBuildPhase;
			buildActionMask = 2147483647;
			files = (
			);
			runOnlyForDeploymentPostprocessing = 0;
		};
/* End PBXFrameworksBuildPhase section */

/* Begin PBXGroup section */
		E57D399D2D5EDE3400DD4491 = {
			isa = PBXGroup;
			children = (
				E57D39A82D5EDE3400DD4491 /* Splitty */,
				E57D39B92D5EDE3600DD4491 /* SplittyTests */,
				E57D39C32D5EDE3600DD4491 /* SplittyUITests */,
				E57D39A72D5EDE3400DD4491 /* Products */,
			);
			sourceTree = "<group>";
		};
		E57D39A72D5EDE3400DD4491 /* Products */ = {
			isa = PBXGroup;
			children = (
				E57D39A62D5EDE3400DD4491 /* Splitty.app */,
				E57D39B62D5EDE3600DD4491 /* SplittyTests.xctest */,
				E57D39C02D5EDE3600DD4491 /* SplittyUITests.xctest */,
			);
			name = Products;
			sourceTree = "<group>";
		};
/* End PBXGroup section */

/* Begin PBXNativeTarget section */
		E57D39A52D5EDE3400DD4491 /* Splitty */ = {
			isa = PBXNativeTarget;
			buildConfigurationList = E57D39CA2D5EDE3600DD4491 /* Build configuration list for PBXNativeTarget "Splitty" */;
			buildPhases = (
				E57D39A22D5EDE3400DD4491 /* Sources */,
				E57D39A32D5EDE3400DD4491 /* Frameworks */,
				E57D39A42D5EDE3400DD4491 /* Resources */,
			);
			buildRules = (
			);
			dependencies = (
			);
			fileSystemSynchronizedGroups = (
				E57D39A82D5EDE3400DD4491 /* Splitty */,
			);
			name = Splitty;
			packageProductDependencies = (
			);
			productName = Splitty;
			productReference = E57D39A62D5EDE3400DD4491 /* Splitty.app */;
			productType = "com.apple.product-type.application";
		};
		E57D39B52D5EDE3600DD4491 /* SplittyTests */ = {
			isa = PBXNativeTarget;
			buildConfigurationList = E57D39CD2D5EDE3600DD4491 /* Build configuration list for PBXNativeTarget "SplittyTests" */;
			buildPhases = (
				E57D39B22D5EDE3600DD4491 /* Sources */,
				E57D39B32D5EDE3600DD4491 /* Frameworks */,
				E57D39B42D5EDE3600DD4491 /* Resources */,
			);
			buildRules = (
			);
			dependencies = (
				E57D39B82D5EDE3600DD4491 /* PBXTargetDependency */,
			);
			fileSystemSynchronizedGroups = (
				E57D39B92D5EDE3600DD4491 /* SplittyTests */,
			);
			name = SplittyTests;
			packageProductDependencies = (
			);
			productName = SplittyTests;
			productReference = E57D39B62D5EDE3600DD4491 /* SplittyTests.xctest */;
			productType = "com.apple.product-type.bundle.unit-test";
		};
		E57D39BF2D5EDE3600DD4491 /* SplittyUITests */ = {
			isa = PBXNativeTarget;
			buildConfigurationList = E57D39D02D5EDE3600DD4491 /* Build configuration list for PBXNativeTarget "SplittyUITests" */;
			buildPhases = (
				E57D39BC2D5EDE3600DD4491 /* Sources */,
				E57D39BD2D5EDE3600DD4491 /* Frameworks */,
				E57D39BE2D5EDE3600DD4491 /* Resources */,
			);
			buildRules = (
			);
			dependencies = (
				E57D39C22D5EDE3600DD4491 /* PBXTargetDependency */,
			);
			fileSystemSynchronizedGroups = (
				E57D39C32D5EDE3600DD4491 /* SplittyUITests */,
			);
			name = SplittyUITests;
			packageProductDependencies = (
			);
			productName = SplittyUITests;
			productReference = E57D39C02D5EDE3600DD4491 /* SplittyUITests.xctest */;
			productType = "com.apple.product-type.bundle.ui-testing";
		};
/* End PBXNativeTarget section */

/* Begin PBXProject section */
		E57D399E2D5EDE3400DD4491 /* Project object */ = {
			isa = PBXProject;
			attributes = {
				BuildIndependentTargetsInParallel = 1;
				LastSwiftUpdateCheck = 1620;
				LastUpgradeCheck = 1620;
				TargetAttributes = {
					E57D39A52D5EDE3400DD4491 = {
						CreatedOnToolsVersion = 16.2;
					};
					E57D39B52D5EDE3600DD4491 = {
						CreatedOnToolsVersion = 16.2;
						TestTargetID = E57D39A52D5EDE3400DD4491;
					};
					E57D39BF2D5EDE3600DD4491 = {
						CreatedOnToolsVersion = 16.2;
						TestTargetID = E57D39A52D5EDE3400DD4491;
					};
				};
			};
			buildConfigurationList = E57D39A12D5EDE3400DD4491 /* Build configuration list for PBXProject "Splitty" */;
			developmentRegion = en;
			hasScannedForEncodings = 0;
			knownRegions = (
				en,
				Base,
			);
			mainGroup = E57D399D2D5EDE3400DD4491;
			minimizedProjectReferenceProxies = 1;
			preferredProjectObjectVersion = 77;
			productRefGroup = E57D39A72D5EDE3400DD4491 /* Products */;
			projectDirPath = "";
			projectRoot = "";
			targets = (
				E57D39A52D5EDE3400DD4491 /* Splitty */,
				E57D39B52D5EDE3600DD4491 /* SplittyTests */,
				E57D39BF2D5EDE3600DD4491 /* SplittyUITests */,
			);
		};
/* End PBXProject section */

/* Begin PBXResourcesBuildPhase section */
		E57D39A42D5EDE3400DD4491 /* Resources */ = {
			isa = PBXResourcesBuildPhase;
			buildActionMask = 2147483647;
			files = (
			);
			runOnlyForDeploymentPostprocessing = 0;
		};
		E57D39B42D5EDE3600DD4491 /* Resources */ = {
			isa = PBXResourcesBuildPhase;
			buildActionMask = 2147483647;
			files = (
			);
			runOnlyForDeploymentPostprocessing = 0;
		};
		E57D39BE2D5EDE3600DD4491 /* Resources */ = {
			isa = PBXResourcesBuildPhase;
			buildActionMask = 2147483647;
			files = (
			);
			runOnlyForDeploymentPostprocessing = 0;
		};
/* End PBXResourcesBuildPhase section */

/* Begin PBXSourcesBuildPhase section */
		E57D39A22D5EDE3400DD4491 /* Sources */ = {
			isa = PBXSourcesBuildPhase;
			buildActionMask = 2147483647;
			files = (
			);
			runOnlyForDeploymentPostprocessing = 0;
		};
		E57D39B22D5EDE3600DD4491 /* Sources */ = {
			isa = PBXSourcesBuildPhase;
			buildActionMask = 2147483647;
			files = (
			);
			runOnlyForDeploymentPostprocessing = 0;
		};
		E57D39BC2D5EDE3600DD4491 /* Sources */ = {
			isa = PBXSourcesBuildPhase;
			buildActionMask = 2147483647;
			files = (
			);
			runOnlyForDeploymentPostprocessing = 0;
		};
/* End PBXSourcesBuildPhase section */

/* Begin PBXTargetDependency section */
		E57D39B82D5EDE3600DD4491 /* PBXTargetDependency */ = {
			isa = PBXTargetDependency;
			target = E57D39A52D5EDE3400DD4491 /* Splitty */;
			targetProxy = E57D39B72D5EDE3600DD4491 /* PBXContainerItemProxy */;
		};
		E57D39C22D5EDE3600DD4491 /* PBXTargetDependency */ = {
			isa = PBXTargetDependency;
			target = E57D39A52D5EDE3400DD4491 /* Splitty */;
			targetProxy = E57D39C12D5EDE3600DD4491 /* PBXContainerItemProxy */;
		};
/* End PBXTargetDependency section */

/* Begin XCBuildConfiguration section */
		E57D39C82D5EDE3600DD4491 /* Debug */ = {
			isa = XCBuildConfiguration;
			buildSettings = {
				ALWAYS_SEARCH_USER_PATHS = NO;
				ASSETCATALOG_COMPILER_GENERATE_SWIFT_ASSET_SYMBOL_EXTENSIONS = YES;
				CLANG_ANALYZER_NONNULL = YES;
				CLANG_ANALYZER_NUMBER_OBJECT_CONVERSION = YES_AGGRESSIVE;
				CLANG_CXX_LANGUAGE_STANDARD = "gnu++20";
				CLANG_ENABLE_MODULES = YES;
				CLANG_ENABLE_OBJC_ARC = YES;
				CLANG_ENABLE_OBJC_WEAK = YES;
				CLANG_WARN_BLOCK_CAPTURE_AUTORELEASING = YES;
				CLANG_WARN_BOOL_CONVERSION = YES;
				CLANG_WARN_COMMA = YES;
				CLANG_WARN_CONSTANT_CONVERSION = YES;
				CLANG_WARN_DEPRECATED_OBJC_IMPLEMENTATIONS = YES;
				CLANG_WARN_DIRECT_OBJC_ISA_USAGE = YES_ERROR;
				CLANG_WARN_DOCUMENTATION_COMMENTS = YES;
				CLANG_WARN_EMPTY_BODY = YES;
				CLANG_WARN_ENUM_CONVERSION = YES;
				CLANG_WARN_INFINITE_RECURSION = YES;
				CLANG_WARN_INT_CONVERSION = YES;
				CLANG_WARN_NON_LITERAL_NULL_CONVERSION = YES;
				CLANG_WARN_OBJC_IMPLICIT_RETAIN_SELF = YES;
				CLANG_WARN_OBJC_LITERAL_CONVERSION = YES;
				CLANG_WARN_OBJC_ROOT_CLASS = YES_ERROR;
				CLANG_WARN_QUOTED_INCLUDE_IN_FRAMEWORK_HEADER = YES;
				CLANG_WARN_RANGE_LOOP_ANALYSIS = YES;
				CLANG_WARN_STRICT_PROTOTYPES = YES;
				CLANG_WARN_SUSPICIOUS_MOVE = YES;
				CLANG_WARN_UNGUARDED_AVAILABILITY = YES_AGGRESSIVE;
				CLANG_WARN_UNREACHABLE_CODE = YES;
				CLANG_WARN__DUPLICATE_METHOD_MATCH = YES;
				COPY_PHASE_STRIP = NO;
				DEBUG_INFORMATION_FORMAT = dwarf;
				ENABLE_STRICT_OBJC_MSGSEND = YES;
				ENABLE_TESTABILITY = YES;
				ENABLE_USER_SCRIPT_SANDBOXING = YES;
				GCC_C_LANGUAGE_STANDARD = gnu17;
				GCC_DYNAMIC_NO_PIC = NO;
				GCC_NO_COMMON_BLOCKS = YES;
				GCC_OPTIMIZATION_LEVEL = 0;
				GCC_PREPROCESSOR_DEFINITIONS = (
					"DEBUG=1",
					"$(inherited)",
				);
				GCC_WARN_64_TO_32_BIT_CONVERSION = YES;
				GCC_WARN_ABOUT_RETURN_TYPE = YES_ERROR;
				GCC_WARN_UNDECLARED_SELECTOR = YES;
				GCC_WARN_UNINITIALIZED_AUTOS = YES_AGGRESSIVE;
				GCC_WARN_UNUSED_FUNCTION = YES;
				GCC_WARN_UNUSED_VARIABLE = YES;
				IPHONEOS_DEPLOYMENT_TARGET = 18.2;
				LOCALIZATION_PREFERS_STRING_CATALOGS = YES;
				MTL_ENABLE_DEBUG_INFO = INCLUDE_SOURCE;
				MTL_FAST_MATH = YES;
				ONLY_ACTIVE_ARCH = YES;
				SDKROOT = iphoneos;
				SWIFT_ACTIVE_COMPILATION_CONDITIONS = "DEBUG $(inherited)";
				SWIFT_OPTIMIZATION_LEVEL = "-Onone";
			};
			name = Debug;
		};
		E57D39C92D5EDE3600DD4491 /* Release */ = {
			isa = XCBuildConfiguration;
			buildSettings = {
				ALWAYS_SEARCH_USER_PATHS = NO;
				ASSETCATALOG_COMPILER_GENERATE_SWIFT_ASSET_SYMBOL_EXTENSIONS = YES;
				CLANG_ANALYZER_NONNULL = YES;
				CLANG_ANALYZER_NUMBER_OBJECT_CONVERSION = YES_AGGRESSIVE;
				CLANG_CXX_LANGUAGE_STANDARD = "gnu++20";
				CLANG_ENABLE_MODULES = YES;
				CLANG_ENABLE_OBJC_ARC = YES;
				CLANG_ENABLE_OBJC_WEAK = YES;
				CLANG_WARN_BLOCK_CAPTURE_AUTORELEASING = YES;
				CLANG_WARN_BOOL_CONVERSION = YES;
				CLANG_WARN_COMMA = YES;
				CLANG_WARN_CONSTANT_CONVERSION = YES;
				CLANG_WARN_DEPRECATED_OBJC_IMPLEMENTATIONS = YES;
				CLANG_WARN_DIRECT_OBJC_ISA_USAGE = YES_ERROR;
				CLANG_WARN_DOCUMENTATION_COMMENTS = YES;
				CLANG_WARN_EMPTY_BODY = YES;
				CLANG_WARN_ENUM_CONVERSION = YES;
				CLANG_WARN_INFINITE_RECURSION = YES;
				CLANG_WARN_INT_CONVERSION = YES;
				CLANG_WARN_NON_LITERAL_NULL_CONVERSION = YES;
				CLANG_WARN_OBJC_IMPLICIT_RETAIN_SELF = YES;
				CLANG_WARN_OBJC_LITERAL_CONVERSION = YES;
				CLANG_WARN_OBJC_ROOT_CLASS = YES_ERROR;
				CLANG_WARN_QUOTED_INCLUDE_IN_FRAMEWORK_HEADER = YES;
				CLANG_WARN_RANGE_LOOP_ANALYSIS = YES;
				CLANG_WARN_STRICT_PROTOTYPES = YES;
				CLANG_WARN_SUSPICIOUS_MOVE = YES;
				CLANG_WARN_UNGUARDED_AVAILABILITY = YES_AGGRESSIVE;
				CLANG_WARN_UNREACHABLE_CODE = YES;
				CLANG_WARN__DUPLICATE_METHOD_MATCH = YES;
				COPY_PHASE_STRIP = NO;
				DEBUG_INFORMATION_FORMAT = "dwarf-with-dsym";
				ENABLE_NS_ASSERTIONS = NO;
				ENABLE_STRICT_OBJC_MSGSEND = YES;
				ENABLE_USER_SCRIPT_SANDBOXING = YES;
				GCC_C_LANGUAGE_STANDARD = gnu17;
				GCC_NO_COMMON_BLOCKS = YES;
				GCC_WARN_64_TO_32_BIT_CONVERSION = YES;
				GCC_WARN_ABOUT_RETURN_TYPE = YES_ERROR;
				GCC_WARN_UNDECLARED_SELECTOR = YES;
				GCC_WARN_UNINITIALIZED_AUTOS = YES_AGGRESSIVE;
				GCC_WARN_UNUSED_FUNCTION = YES;
				GCC_WARN_UNUSED_VARIABLE = YES;
				IPHONEOS_DEPLOYMENT_TARGET = 18.2;
				LOCALIZATION_PREFERS_STRING_CATALOGS = YES;
				MTL_ENABLE_DEBUG_INFO = NO;
				MTL_FAST_MATH = YES;
				SDKROOT = iphoneos;
				SWIFT_COMPILATION_MODE = wholemodule;
				VALIDATE_PRODUCT = YES;
			};
			name = Release;
		};
		E57D39CB2D5EDE3600DD4491 /* Debug */ = {
			isa = XCBuildConfiguration;
			buildSettings = {
				ASSETCATALOG_COMPILER_APPICON_NAME = AppIcon;
				ASSETCATALOG_COMPILER_GLOBAL_ACCENT_COLOR_NAME = AccentColor;
				ASSETCATALOG_COMPILER_INCLUDE_ALL_APPICON_ASSETS = YES;
				CODE_SIGN_STYLE = Automatic;
				CURRENT_PROJECT_VERSION = 1;
				DEVELOPMENT_ASSET_PATHS = "\"Splitty/Preview Content\" \"Splitty/Assets.xcassets\"";
				DEVELOPMENT_TEAM = 36SHBPHF25;
				ENABLE_PREVIEWS = YES;
				GENERATE_INFOPLIST_FILE = YES;
				INFOPLIST_KEY_UIApplicationSceneManifest_Generation = YES;
				INFOPLIST_KEY_UIApplicationSupportsIndirectInputEvents = YES;
				INFOPLIST_KEY_UILaunchScreen_Generation = YES;
				INFOPLIST_KEY_UISupportedInterfaceOrientations_iPad = "UIInterfaceOrientationPortrait UIInterfaceOrientationPortraitUpsideDown UIInterfaceOrientationLandscapeLeft UIInterfaceOrientationLandscapeRight";
				INFOPLIST_KEY_UISupportedInterfaceOrientations_iPhone = "UIInterfaceOrientationPortrait UIInterfaceOrientationLandscapeLeft UIInterfaceOrientationLandscapeRight";
				IPHONEOS_DEPLOYMENT_TARGET = 18.0;
				LD_RUNPATH_SEARCH_PATHS = (
					"$(inherited)",
					"@executable_path/Frameworks",
				);
				MARKETING_VERSION = 1.0;
				PRODUCT_BUNDLE_IDENTIFIER = com.ainanameen.Splitty;
				PRODUCT_NAME = "$(TARGET_NAME)";
				SWIFT_EMIT_LOC_STRINGS = YES;
				SWIFT_VERSION = 5.0;
				TARGETED_DEVICE_FAMILY = "1,2";
			};
			name = Debug;
		};
		E57D39CC2D5EDE3600DD4491 /* Release */ = {
			isa = XCBuildConfiguration;
			buildSettings = {
				ASSETCATALOG_COMPILER_APPICON_NAME = AppIcon;
				ASSETCATALOG_COMPILER_GLOBAL_ACCENT_COLOR_NAME = AccentColor;
				ASSETCATALOG_COMPILER_INCLUDE_ALL_APPICON_ASSETS = YES;
				CODE_SIGN_STYLE = Automatic;
				CURRENT_PROJECT_VERSION = 1;
				DEVELOPMENT_ASSET_PATHS = "\"Splitty/Preview Content\" \"Splitty/Assets.xcassets\"";
				DEVELOPMENT_TEAM = 36SHBPHF25;
				ENABLE_PREVIEWS = YES;
				GENERATE_INFOPLIST_FILE = YES;
				INFOPLIST_KEY_UIApplicationSceneManifest_Generation = YES;
				INFOPLIST_KEY_UIApplicationSupportsIndirectInputEvents = YES;
				INFOPLIST_KEY_UILaunchScreen_Generation = YES;
				INFOPLIST_KEY_UISupportedInterfaceOrientations_iPad = "UIInterfaceOrientationPortrait UIInterfaceOrientationPortraitUpsideDown UIInterfaceOrientationLandscapeLeft UIInterfaceOrientationLandscapeRight";
				INFOPLIST_KEY_UISupportedInterfaceOrientations_iPhone = "UIInterfaceOrientationPortrait UIInterfaceOrientationLandscapeLeft UIInterfaceOrientationLandscapeRight";
				IPHONEOS_DEPLOYMENT_TARGET = 18.0;
				LD_RUNPATH_SEARCH_PATHS = (
					"$(inherited)",
					"@executable_path/Frameworks",
				);
				MARKETING_VERSION = 1.0;
				PRODUCT_BUNDLE_IDENTIFIER = com.ainanameen.Splitty;
				PRODUCT_NAME = "$(TARGET_NAME)";
				SWIFT_EMIT_LOC_STRINGS = YES;
				SWIFT_VERSION = 5.0;
				TARGETED_DEVICE_FAMILY = "1,2";
			};
			name = Release;
		};
		E57D39CE2D5EDE3600DD4491 /* Debug */ = {
			isa = XCBuildConfiguration;
			buildSettings = {
				BUNDLE_LOADER = "$(TEST_HOST)";
				CODE_SIGN_STYLE = Automatic;
				CURRENT_PROJECT_VERSION = 1;
				DEVELOPMENT_TEAM = 36SHBPHF25;
				GENERATE_INFOPLIST_FILE = YES;
				IPHONEOS_DEPLOYMENT_TARGET = 18.2;
				MARKETING_VERSION = 1.0;
				PRODUCT_BUNDLE_IDENTIFIER = com.ainanameen.SplittyTests;
				PRODUCT_NAME = "$(TARGET_NAME)";
				SWIFT_EMIT_LOC_STRINGS = NO;
				SWIFT_VERSION = 5.0;
				TARGETED_DEVICE_FAMILY = "1,2";
				TEST_HOST = "$(BUILT_PRODUCTS_DIR)/Splitty.app/$(BUNDLE_EXECUTABLE_FOLDER_PATH)/Splitty";
			};
			name = Debug;
		};
		E57D39CF2D5EDE3600DD4491 /* Release */ = {
			isa = XCBuildConfiguration;
			buildSettings = {
				BUNDLE_LOADER = "$(TEST_HOST)";
				CODE_SIGN_STYLE = Automatic;
				CURRENT_PROJECT_VERSION = 1;
				DEVELOPMENT_TEAM = 36SHBPHF25;
				GENERATE_INFOPLIST_FILE = YES;
				IPHONEOS_DEPLOYMENT_TARGET = 18.2;
				MARKETING_VERSION = 1.0;
				PRODUCT_BUNDLE_IDENTIFIER = com.ainanameen.SplittyTests;
				PRODUCT_NAME = "$(TARGET_NAME)";
				SWIFT_EMIT_LOC_STRINGS = NO;
				SWIFT_VERSION = 5.0;
				TARGETED_DEVICE_FAMILY = "1,2";
				TEST_HOST = "$(BUILT_PRODUCTS_DIR)/Splitty.app/$(BUNDLE_EXECUTABLE_FOLDER_PATH)/Splitty";
			};
			name = Release;
		};
		E57D39D12D5EDE3600DD4491 /* Debug */ = {
			isa = XCBuildConfiguration;
			buildSettings = {
				CODE_SIGN_STYLE = Automatic;
				CURRENT_PROJECT_VERSION = 1;
				DEVELOPMENT_TEAM = 36SHBPHF25;
				GENERATE_INFOPLIST_FILE = YES;
				INFOPLIST_KEY_UIApplicationSceneManifest_Generation = YES;
				MARKETING_VERSION = 1.0;
				PRODUCT_BUNDLE_IDENTIFIER = com.ainanameen.SplittyUITests;
				PRODUCT_NAME = "$(TARGET_NAME)";
				SWIFT_EMIT_LOC_STRINGS = NO;
				SWIFT_VERSION = 5.0;
				TARGETED_DEVICE_FAMILY = "1,2";
				TEST_TARGET_NAME = Splitty;
			};
			name = Debug;
		};
		E57D39D22D5EDE3600DD4491 /* Release */ = {
			isa = XCBuildConfiguration;
			buildSettings = {
				CODE_SIGN_STYLE = Automatic;
				CURRENT_PROJECT_VERSION = 1;
				DEVELOPMENT_TEAM = 36SHBPHF25;
				GENERATE_INFOPLIST_FILE = YES;
				INFOPLIST_KEY_UIApplicationSceneManifest_Generation = YES;
				MARKETING_VERSION = 1.0;
				PRODUCT_BUNDLE_IDENTIFIER = com.ainanameen.SplittyUITests;
				PRODUCT_NAME = "$(TARGET_NAME)";
				SWIFT_EMIT_LOC_STRINGS = NO;
				SWIFT_VERSION = 5.0;
				TARGETED_DEVICE_FAMILY = "1,2";
				TEST_TARGET_NAME = Splitty;
			};
			name = Release;
		};
/* End XCBuildConfiguration section */

/* Begin XCConfigurationList section */
		E57D39A12D5EDE3400DD4491 /* Build configuration list for PBXProject "Splitty" */ = {
			isa = XCConfigurationList;
			buildConfigurations = (
				E57D39C82D5EDE3600DD4491 /* Debug */,
				E57D39C92D5EDE3600DD4491 /* Release */,
			);
			defaultConfigurationIsVisible = 0;
			defaultConfigurationName = Release;
		};
		E57D39CA2D5EDE3600DD4491 /* Build configuration list for PBXNativeTarget "Splitty" */ = {
			isa = XCConfigurationList;
			buildConfigurations = (
				E57D39CB2D5EDE3600DD4491 /* Debug */,
				E57D39CC2D5EDE3600DD4491 /* Release */,
			);
			defaultConfigurationIsVisible = 0;
			defaultConfigurationName = Release;
		};
		E57D39CD2D5EDE3600DD4491 /* Build configuration list for PBXNativeTarget "SplittyTests" */ = {
			isa = XCConfigurationList;
			buildConfigurations = (
				E57D39CE2D5EDE3600DD4491 /* Debug */,
				E57D39CF2D5EDE3600DD4491 /* Release */,
			);
			defaultConfigurationIsVisible = 0;
			defaultConfigurationName = Release;
		};
		E57D39D02D5EDE3600DD4491 /* Build configuration list for PBXNativeTarget "SplittyUITests" */ = {
			isa = XCConfigurationList;
			buildConfigurations = (
				E57D39D12D5EDE3600DD4491 /* Debug */,
				E57D39D22D5EDE3600DD4491 /* Release */,
			);
			defaultConfigurationIsVisible = 0;
			defaultConfigurationName = Release;
		};
/* End XCConfigurationList section */
	};
	rootObject = E57D399E2D5EDE3400DD4491 /* Project object */;
}
